
Microsoft Visual Studio Solution File, Format Version 12.00
# Visual Studio Version 17
VisualStudioVersion = 17.8.34330.188
MinimumVisualStudioVersion = 10.0.40219.1
Project("{9A19103F-16F7-4668-BE54-9A1E7A4F7556}") = "SpelavondenApp", "SpelavondenApp\SpelavondenApp.csproj", "{15ABCD39-8274-4C20-8950-5E5398C094D1}"
EndProject
Project("{9A19103F-16F7-4668-BE54-9A1E7A4F7556}") = "Domain", "Domain\Domain.csproj", "{03EEB10D-F5CD-460D-BF08-DBE7E2D516D9}"
EndProject
Project("{9A19103F-16F7-4668-BE54-9A1E7A4F7556}") = "Infrastructure", "Infrastructure\Infrastructure.csproj", "{4C059E0D-A229-44F3-9912-23E35669AD72}"
	ProjectSection(ProjectDependencies) = postProject
		{03EEB10D-F5CD-460D-BF08-DBE7E2D516D9} = {03EEB10D-F5CD-460D-BF08-DBE7E2D516D9}
	EndProjectSection
EndProject
Project("{9A19103F-16F7-4668-BE54-9A1E7A4F7556}") = "Application", "Application\Application.csproj", "{693893DC-9E11-4535-A478-3E4918ADB6BF}"
EndProject
Project("{9A19103F-16F7-4668-BE54-9A1E7A4F7556}") = "Tests", "Tests\Tests.csproj", "{8C7997B0-98D7-4AD3-9E63-6FD8C20CD596}"
EndProject
Project("{9A19103F-16F7-4668-BE54-9A1E7A4F7556}") = "SpelavondenWebService", "SpelavondenWebService\SpelavondenWebService.csproj", "{69780E36-A58B-473F-8C3A-093EF3DC371D}"
EndProject
Project("{2150E333-8FDC-42A3-9474-1A3956D46DE8}") = "Solution Items", "Solution Items", "{AFFA6BE7-E8D8-41B3-B973-29AE8DA3A998}"
	ProjectSection(SolutionItems) = preProject
		.env = .env
	EndProjectSection
EndProject
Global
	GlobalSection(SolutionConfigurationPlatforms) = preSolution
		Debug|Any CPU = Debug|Any CPU
		Release|Any CPU = Release|Any CPU
	EndGlobalSection
	GlobalSection(ProjectConfigurationPlatforms) = postSolution
		{15ABCD39-8274-4C20-8950-5E5398C094D1}.Debug|Any CPU.ActiveCfg = Debug|Any CPU
		{15ABCD39-8274-4C20-8950-5E5398C094D1}.Debug|Any CPU.Build.0 = Debug|Any CPU
		{15ABCD39-8274-4C20-8950-5E5398C094D1}.Release|Any CPU.ActiveCfg = Release|Any CPU
		{15ABCD39-8274-4C20-8950-5E5398C094D1}.Release|Any CPU.Build.0 = Release|Any CPU
		{03EEB10D-F5CD-460D-BF08-DBE7E2D516D9}.Debug|Any CPU.ActiveCfg = Debug|Any CPU
		{03EEB10D-F5CD-460D-BF08-DBE7E2D516D9}.Debug|Any CPU.Build.0 = Debug|Any CPU
		{03EEB10D-F5CD-460D-BF08-DBE7E2D516D9}.Release|Any CPU.ActiveCfg = Release|Any CPU
		{03EEB10D-F5CD-460D-BF08-DBE7E2D516D9}.Release|Any CPU.Build.0 = Release|Any CPU
		{4C059E0D-A229-44F3-9912-23E35669AD72}.Debug|Any CPU.ActiveCfg = Debug|Any CPU
		{4C059E0D-A229-44F3-9912-23E35669AD72}.Debug|Any CPU.Build.0 = Debug|Any CPU
		{4C059E0D-A229-44F3-9912-23E35669AD72}.Release|Any CPU.ActiveCfg = Release|Any CPU
		{4C059E0D-A229-44F3-9912-23E35669AD72}.Release|Any CPU.Build.0 = Release|Any CPU
		{693893DC-9E11-4535-A478-3E4918ADB6BF}.Debug|Any CPU.ActiveCfg = Debug|Any CPU
		{693893DC-9E11-4535-A478-3E4918ADB6BF}.Debug|Any CPU.Build.0 = Debug|Any CPU
		{693893DC-9E11-4535-A478-3E4918ADB6BF}.Release|Any CPU.ActiveCfg = Release|Any CPU
		{693893DC-9E11-4535-A478-3E4918ADB6BF}.Release|Any CPU.Build.0 = Release|Any CPU
		{8C7997B0-98D7-4AD3-9E63-6FD8C20CD596}.Debug|Any CPU.ActiveCfg = Debug|Any CPU
		{8C7997B0-98D7-4AD3-9E63-6FD8C20CD596}.Debug|Any CPU.Build.0 = Debug|Any CPU
		{8C7997B0-98D7-4AD3-9E63-6FD8C20CD596}.Release|Any CPU.ActiveCfg = Release|Any CPU
		{8C7997B0-98D7-4AD3-9E63-6FD8C20CD596}.Release|Any CPU.Build.0 = Release|Any CPU
		{69780E36-A58B-473F-8C3A-093EF3DC371D}.Debug|Any CPU.ActiveCfg = Debug|Any CPU
		{69780E36-A58B-473F-8C3A-093EF3DC371D}.Debug|Any CPU.Build.0 = Debug|Any CPU
		{69780E36-A58B-473F-8C3A-093EF3DC371D}.Release|Any CPU.ActiveCfg = Release|Any CPU
		{69780E36-A58B-473F-8C3A-093EF3DC371D}.Release|Any CPU.Build.0 = Release|Any CPU
	EndGlobalSection
	GlobalSection(SolutionProperties) = preSolution
		HideSolutionNode = FALSE
	EndGlobalSection
	GlobalSection(ExtensibilityGlobals) = postSolution
		SolutionGuid = {4E87DE2B-ACF6-47C4-A08D-6910F80886DB}
	EndGlobalSection
EndGlobal
